{
  "name": "mirkodallaglio",
  "lockfileVersion": 2,
  "requires": true,
  "packages": {
    "": {
      "dependencies": {
        "async": "^3.2.4",
        "read-multiple-files": "^3.0.0"
      }
    },
    "node_modules/async": {
      "version": "3.2.4",
      "resolved": "https://registry.npmjs.org/async/-/async-3.2.4.tgz",
      "integrity": "sha512-iAB+JbDEGXhyIUavoDl9WP/Jj106Kz9DEn1DPgYw5ruDn0e3Wgi3sKFm55sASdGBNOQB8F59d9qQ7deqrHA8wQ=="
    },
    "node_modules/inspect-with-kind": {
      "version": "1.0.5",
      "resolved": "https://registry.npmjs.org/inspect-with-kind/-/inspect-with-kind-1.0.5.tgz",
      "integrity": "sha512-MAQUJuIo7Xqk8EVNP+6d3CKq9c80hi4tjIbIAT6lmGW9W6WzlHiu9PS8uSuUYU+Do+j1baiFp3H25XEVxDIG2g==",
      "dependencies": {
        "kind-of": "^6.0.2"
      }
    },
    "node_modules/kind-of": {
      "version": "6.0.3",
      "resolved": "https://registry.npmjs.org/kind-of/-/kind-of-6.0.3.tgz",
      "integrity": "sha512-dcS1ul+9tmeD95T+x28/ehLgd9mENa3LsvDTtzm3vyBEO7RPptvAD+t44WVXaUjTBRcrpFeFlC8WCruUR456hw==",
      "engines": {
        "node": ">=0.10.0"
      }
    },
    "node_modules/read-multiple-files": {
      "version": "3.0.0",
      "resolved": "https://registry.npmjs.org/read-multiple-files/-/read-multiple-files-3.0.0.tgz",
      "integrity": "sha512-tmgSO9d4kxbN13MzN2Z0zJJxtXVToYAqdsv4M7kt3UnQM+hdSWj5pH1pbiw/Xnw6YLm/V09okSjPdmSfDkeJNQ==",
      "dependencies": {
        "inspect-with-kind": "^1.0.5",
        "zen-observable": "^0.8.11"
      }
    },
    "node_modules/zen-observable": {
      "version": "0.8.15",
      "resolved": "https://registry.npmjs.org/zen-observable/-/zen-observable-0.8.15.tgz",
      "integrity": "sha512-PQ2PC7R9rslx84ndNBZB/Dkv8V8fZEpk83RLgXtYd0fwUgEjseMn1Dgajh2x6S8QbZAFa9p2qVCEuYZNgve0dQ=="
    }
  },
  "dependencies": {
    "async": {
      "version": "3.2.4",
      "resolved": "https://registry.npmjs.org/async/-/async-3.2.4.tgz",
      "integrity": "sha512-iAB+JbDEGXhyIUavoDl9WP/Jj106Kz9DEn1DPgYw5ruDn0e3Wgi3sKFm55sASdGBNOQB8F59d9qQ7deqrHA8wQ=="
    },
    "inspect-with-kind": {
      "version": "1.0.5",
      "resolved": "https://registry.npmjs.org/inspect-with-kind/-/inspect-with-kind-1.0.5.tgz",
      "integrity": "sha512-MAQUJuIo7Xqk8EVNP+6d3CKq9c80hi4tjIbIAT6lmGW9W6WzlHiu9PS8uSuUYU+Do+j1baiFp3H25XEVxDIG2g==",
      "requires": {
        "kind-of": "^6.0.2"
      }
    },
    "kind-of": {
      "version": "6.0.3",
      "resolved": "https://registry.npmjs.org/kind-of/-/kind-of-6.0.3.tgz",
      "integrity": "sha512-dcS1ul+9tmeD95T+x28/ehLgd9mENa3LsvDTtzm3vyBEO7RPptvAD+t44WVXaUjTBRcrpFeFlC8WCruUR456hw=="
    },
    "read-multiple-files": {
      "version": "3.0.0",
      "resolved": "https://registry.npmjs.org/read-multiple-files/-/read-multiple-files-3.0.0.tgz",
      "integrity": "sha512-tmgSO9d4kxbN13MzN2Z0zJJxtXVToYAqdsv4M7kt3UnQM+hdSWj5pH1pbiw/Xnw6YLm/V09okSjPdmSfDkeJNQ==",
      "requires": {
        "inspect-with-kind": "^1.0.5",
        "zen-observable": "^0.8.11"
      }
    },
    "zen-observable": {
      "version": "0.8.15",
      "resolved": "https://registry.npmjs.org/zen-observable/-/zen-observable-0.8.15.tgz",
      "integrity": "sha512-PQ2PC7R9rslx84ndNBZB/Dkv8V8fZEpk83RLgXtYd0fwUgEjseMn1Dgajh2x6S8QbZAFa9p2qVCEuYZNgve0dQ=="
    }
  }
}
